// !$*UTF8*$!
{
	archiveVersion = 1;
	classes = {
	};
	objectVersion = 56;
	objects = {

/* Begin PBXBuildFile section */
		2C9C56502C00000100A00001 /* Assets.xcassets in Resources */ = {isa = PBXBuildFile; fileRef = 2C9C564F2C00000100A00001 /* Assets.xcassets */; };
		2C9C561D2C00000100A00001 /* PaninoLauncherApp.swift in Sources */ = {isa = PBXBuildFile; fileRef = 2C9C56142C00000100A00001 /* PaninoLauncherApp.swift */; };
		2C9C561E2C00000100A00001 /* ContentView.swift in Sources */ = {isa = PBXBuildFile; fileRef = 2C9C56152C00000100A00001 /* ContentView.swift */; };
		2C9C561F2C00000100A00001 /* CoreProcessLauncher.swift in Sources */ = {isa = PBXBuildFile; fileRef = 2C9C56162C00000100A00001 /* CoreProcessLauncher.swift */; };
		2C9C56202C00000100A00001 /* panino-test-core in Resources */ = {isa = PBXBuildFile; fileRef = 2C9C56182C00000100A00001 /* panino-test-core */; };
		2C9C56312C00000100A00001 /* CoreModels.swift in Sources */ = {isa = PBXBuildFile; fileRef = 2C9C56302C00000100A00001 /* CoreModels.swift */; };
		2C9C56332C00000100A00001 /* LauncherApiClient.swift in Sources */ = {isa = PBXBuildFile; fileRef = 2C9C56322C00000100A00001 /* LauncherApiClient.swift */; };
		2C9C56352C00000100A00001 /* EventStreamClient.swift in Sources */ = {isa = PBXBuildFile; fileRef = 2C9C56342C00000100A00001 /* EventStreamClient.swift */; };
		2C9C56372C00000100A00001 /* CoreProcessManager.swift in Sources */ = {isa = PBXBuildFile; fileRef = 2C9C56362C00000100A00001 /* CoreProcessManager.swift */; };
		2C9C56392C00000100A00001 /* LauncherViewModel.swift in Sources */ = {isa = PBXBuildFile; fileRef = 2C9C56382C00000100A00001 /* LauncherViewModel.swift */; };
		2C9C56412C00000100A00001 /* MicrosoftAuthModels.swift in Sources */ = {isa = PBXBuildFile; fileRef = 2C9C56402C00000100A00001 /* MicrosoftAuthModels.swift */; };
		2C9C56432C00000100A00001 /* MicrosoftAuthService.swift in Sources */ = {isa = PBXBuildFile; fileRef = 2C9C56422C00000100A00001 /* MicrosoftAuthService.swift */; };
		2C9C56452C00000100A00001 /* SecureTokenStore.swift in Sources */ = {isa = PBXBuildFile; fileRef = 2C9C56442C00000100A00001 /* SecureTokenStore.swift */; };
		2C9C56472C00000100A00001 /* SettingsStore.swift in Sources */ = {isa = PBXBuildFile; fileRef = 2C9C56462C00000100A00001 /* SettingsStore.swift */; };
		2C9C564B2C00000100A00001 /* NativeMacIntegration.swift in Sources */ = {isa = PBXBuildFile; fileRef = 2C9C564A2C00000100A00001 /* NativeMacIntegration.swift */; };
/* End PBXBuildFile section */

/* Begin PBXFileReference section */
		2C9C56102C00000100A00001 /* PaninoLauncher.app */ = {isa = PBXFileReference; explicitFileType = wrapper.application; includeInIndex = 0; path = PaninoLauncher.app; sourceTree = BUILT_PRODUCTS_DIR; };
		2C9C564F2C00000100A00001 /* Assets.xcassets */ = {isa = PBXFileReference; lastKnownFileType = folder.assetcatalog; path = Assets.xcassets; sourceTree = "<group>"; };
		2C9C56142C00000100A00001 /* PaninoLauncherApp.swift */ = {isa = PBXFileReference; lastKnownFileType = sourcecode.swift; path = App/PaninoLauncherApp.swift; sourceTree = "<group>"; };
		2C9C56152C00000100A00001 /* ContentView.swift */ = {isa = PBXFileReference; lastKnownFileType = sourcecode.swift; path = App/ContentView.swift; sourceTree = "<group>"; };
		2C9C56162C00000100A00001 /* CoreProcessLauncher.swift */ = {isa = PBXFileReference; lastKnownFileType = sourcecode.swift; path = Services/CoreProcess/CoreProcessLauncher.swift; sourceTree = "<group>"; };
		2C9C56172C00000100A00001 /* Info.plist */ = {isa = PBXFileReference; lastKnownFileType = text.plist.xml; path = Info.plist; sourceTree = "<group>"; };
		2C9C56182C00000100A00001 /* panino-test-core */ = {isa = PBXFileReference; lastKnownFileType = text.script.sh; path = "Support/TestBinary/panino-test-core"; sourceTree = SOURCE_ROOT; };
		2C9C56302C00000100A00001 /* CoreModels.swift */ = {isa = PBXFileReference; lastKnownFileType = sourcecode.swift; path = Models/Core/Foundation/CoreModels.swift; sourceTree = "<group>"; };
		2C9C56322C00000100A00001 /* LauncherApiClient.swift */ = {isa = PBXFileReference; lastKnownFileType = sourcecode.swift; path = Api/Clients/LauncherApiClient.swift; sourceTree = "<group>"; };
		2C9C56342C00000100A00001 /* EventStreamClient.swift */ = {isa = PBXFileReference; lastKnownFileType = sourcecode.swift; path = Api/Clients/EventStreamClient.swift; sourceTree = "<group>"; };
		2C9C56362C00000100A00001 /* CoreProcessManager.swift */ = {isa = PBXFileReference; lastKnownFileType = sourcecode.swift; path = Services/CoreProcess/CoreProcessManager.swift; sourceTree = "<group>"; };
		2C9C56382C00000100A00001 /* LauncherViewModel.swift */ = {isa = PBXFileReference; lastKnownFileType = sourcecode.swift; path = ViewModels/LauncherViewModel.swift; sourceTree = "<group>"; };
		2C9C56402C00000100A00001 /* MicrosoftAuthModels.swift */ = {isa = PBXFileReference; lastKnownFileType = sourcecode.swift; path = Services/Auth/Microsoft/MicrosoftAuthModels.swift; sourceTree = "<group>"; };
		2C9C56422C00000100A00001 /* MicrosoftAuthService.swift */ = {isa = PBXFileReference; lastKnownFileType = sourcecode.swift; path = Services/Auth/Microsoft/MicrosoftAuthService.swift; sourceTree = "<group>"; };
		2C9C56442C00000100A00001 /* SecureTokenStore.swift */ = {isa = PBXFileReference; lastKnownFileType = sourcecode.swift; path = Security/SecureTokenStore.swift; sourceTree = "<group>"; };
		2C9C56462C00000100A00001 /* SettingsStore.swift */ = {isa = PBXFileReference; lastKnownFileType = sourcecode.swift; path = Stores/Settings/SettingsStore.swift; sourceTree = "<group>"; };
		2C9C564A2C00000100A00001 /* NativeMacIntegration.swift */ = {isa = PBXFileReference; lastKnownFileType = sourcecode.swift; path = Platform/NativeMacIntegration.swift; sourceTree = "<group>"; };
/* End PBXFileReference section */

/* Begin PBXFrameworksBuildPhase section */
		2C9C560D2C00000100A00001 /* Frameworks */ = {
			isa = PBXFrameworksBuildPhase;
			buildActionMask = 2147483647;
			files = (
			);
			runOnlyForDeploymentPostprocessing = 0;
		};
/* End PBXFrameworksBuildPhase section */

/* Begin PBXGroup section */
		2C9C56072C00000100A00001 = {
			isa = PBXGroup;
			children = (
				2C9C56132C00000100A00001 /* PaninoLauncher */,
				2C9C56182C00000100A00001 /* panino-test-core */,
				2C9C56112C00000100A00001 /* Products */,
			);
			sourceTree = "<group>";
		};
		2C9C56112C00000100A00001 /* Products */ = {
			isa = PBXGroup;
			children = (
				2C9C56102C00000100A00001 /* PaninoLauncher.app */,
			);
			name = Products;
			sourceTree = "<group>";
		};
		2C9C56132C00000100A00001 /* PaninoLauncher */ = {
			isa = PBXGroup;
			children = (
				2C9C564F2C00000100A00001 /* Assets.xcassets */,
				2C9C56142C00000100A00001 /* PaninoLauncherApp.swift */,
				2C9C56152C00000100A00001 /* ContentView.swift */,
				2C9C56302C00000100A00001 /* CoreModels.swift */,
				2C9C56162C00000100A00001 /* CoreProcessLauncher.swift */,
				2C9C56362C00000100A00001 /* CoreProcessManager.swift */,
				2C9C56342C00000100A00001 /* EventStreamClient.swift */,
				2C9C56172C00000100A00001 /* Info.plist */,
				2C9C56322C00000100A00001 /* LauncherApiClient.swift */,
				2C9C56382C00000100A00001 /* LauncherViewModel.swift */,
				2C9C56402C00000100A00001 /* MicrosoftAuthModels.swift */,
				2C9C56422C00000100A00001 /* MicrosoftAuthService.swift */,
				2C9C564A2C00000100A00001 /* NativeMacIntegration.swift */,
				2C9C56442C00000100A00001 /* SecureTokenStore.swift */,
				2C9C56462C00000100A00001 /* SettingsStore.swift */,
			);
			path = PaninoLauncher;
			sourceTree = "<group>";
		};
/* End PBXGroup section */

/* Begin PBXNativeTarget section */
		2C9C560F2C00000100A00001 /* PaninoLauncher */ = {
			isa = PBXNativeTarget;
			buildConfigurationList = 2C9C56242C00000100A00001 /* Build configuration list for PBXNativeTarget "PaninoLauncher" */;
			buildPhases = (
				2C9C560C2C00000100A00001 /* Sources */,
				2C9C560D2C00000100A00001 /* Frameworks */,
				2C9C560E2C00000100A00001 /* Resources */,
			);
			buildRules = (
			);
			dependencies = (
			);
			name = PaninoLauncher;
			productName = PaninoLauncher;
			productReference = 2C9C56102C00000100A00001 /* PaninoLauncher.app */;
			productType = "com.apple.product-type.application";
		};
/* End PBXNativeTarget section */

/* Begin PBXProject section */
		2C9C56082C00000100A00001 /* Project object */ = {
			isa = PBXProject;
			attributes = {
				BuildIndependentTargetsInParallel = 1;
				LastSwiftUpdateCheck = 1600;
				LastUpgradeCheck = 1600;
				TargetAttributes = {
					2C9C560F2C00000100A00001 = {
						CreatedOnToolsVersion = 16.0;
					};
				};
			};
			buildConfigurationList = 2C9C560B2C00000100A00001 /* Build configuration list for PBXProject "PaninoLauncher" */;
			compatibilityVersion = "Xcode 14.0";
			developmentRegion = en;
			hasScannedForEncodings = 0;
			knownRegions = (
				en,
				Base,
			);
			mainGroup = 2C9C56072C00000100A00001;
			productRefGroup = 2C9C56112C00000100A00001 /* Products */;
			projectDirPath = "";
			projectRoot = "";
			targets = (
				2C9C560F2C00000100A00001 /* PaninoLauncher */,
			);
		};
/* End PBXProject section */

/* Begin PBXResourcesBuildPhase section */
		2C9C560E2C00000100A00001 /* Resources */ = {
			isa = PBXResourcesBuildPhase;
			buildActionMask = 2147483647;
			files = (
				2C9C56502C00000100A00001 /* Assets.xcassets in Resources */,
				2C9C56202C00000100A00001 /* panino-test-core in Resources */,
			);
			runOnlyForDeploymentPostprocessing = 0;
		};
/* End PBXResourcesBuildPhase section */

/* Begin PBXSourcesBuildPhase section */
		2C9C560C2C00000100A00001 /* Sources */ = {
			isa = PBXSourcesBuildPhase;
			buildActionMask = 2147483647;
			files = (
				2C9C561D2C00000100A00001 /* PaninoLauncherApp.swift in Sources */,
				2C9C56312C00000100A00001 /* CoreModels.swift in Sources */,
				2C9C56372C00000100A00001 /* CoreProcessManager.swift in Sources */,
				2C9C56352C00000100A00001 /* EventStreamClient.swift in Sources */,
				2C9C56332C00000100A00001 /* LauncherApiClient.swift in Sources */,
				2C9C56392C00000100A00001 /* LauncherViewModel.swift in Sources */,
				2C9C56412C00000100A00001 /* MicrosoftAuthModels.swift in Sources */,
				2C9C56432C00000100A00001 /* MicrosoftAuthService.swift in Sources */,
				2C9C564B2C00000100A00001 /* NativeMacIntegration.swift in Sources */,
				2C9C56452C00000100A00001 /* SecureTokenStore.swift in Sources */,
				2C9C56472C00000100A00001 /* SettingsStore.swift in Sources */,
				2C9C561E2C00000100A00001 /* ContentView.swift in Sources */,
				2C9C561F2C00000100A00001 /* CoreProcessLauncher.swift in Sources */,
			);
			runOnlyForDeploymentPostprocessing = 0;
		};
/* End PBXSourcesBuildPhase section */

/* Begin XCBuildConfiguration section */
		2C9C56212C00000100A00001 /* Debug */ = {
			isa = XCBuildConfiguration;
			buildSettings = {
				ALWAYS_SEARCH_USER_PATHS = NO;
				CLANG_ANALYZER_NONNULL = YES;
				CLANG_ANALYZER_NUMBER_OBJECT_CONVERSION = YES_AGGRESSIVE;
				CLANG_CXX_LANGUAGE_STANDARD = "gnu++20";
				CLANG_ENABLE_MODULES = YES;
				CLANG_ENABLE_OBJC_ARC = YES;
				CLANG_ENABLE_OBJC_WEAK = YES;
				CLANG_WARN_BLOCK_CAPTURE_AUTORELEASING = YES;
				CLANG_WARN_BOOL_CONVERSION = YES;
				CLANG_WARN_COMMA = YES;
				CLANG_WARN_CONSTANT_CONVERSION = YES;
				CLANG_WARN_DEPRECATED_OBJC_IMPLEMENTATIONS = YES;
				CLANG_WARN_DIRECT_OBJC_ISA_USAGE = YES_ERROR;
				CLANG_WARN_DOCUMENTATION_COMMENTS = YES;
				CLANG_WARN_EMPTY_BODY = YES;
				CLANG_WARN_ENUM_CONVERSION = YES;
				CLANG_WARN_INFINITE_RECURSION = YES;
				CLANG_WARN_INT_CONVERSION = YES;
				CLANG_WARN_NON_LITERAL_NULL_CONVERSION = YES;
				CLANG_WARN_OBJC_IMPLICIT_RETAIN_SELF = YES;
				CLANG_WARN_OBJC_LITERAL_CONVERSION = YES;
				CLANG_WARN_QUOTED_INCLUDE_IN_FRAMEWORK_HEADER = YES;
				CLANG_WARN_RANGE_LOOP_ANALYSIS = YES;
				CLANG_WARN_STRICT_PROTOTYPES = YES;
				CLANG_WARN_SUSPICIOUS_MOVE = YES;
				CLANG_WARN_UNGUARDED_AVAILABILITY = YES_AGGRESSIVE;
				CLANG_WARN_UNREACHABLE_CODE = YES;
				COPY_PHASE_STRIP = NO;
				DEBUG_INFORMATION_FORMAT = dwarf;
				ENABLE_STRICT_OBJC_MSGSEND = YES;
				ENABLE_TESTABILITY = YES;
				ENABLE_USER_SCRIPT_SANDBOXING = YES;
				GCC_C_LANGUAGE_STANDARD = gnu17;
				GCC_DYNAMIC_NO_PIC = NO;
				GCC_NO_COMMON_BLOCKS = YES;
				GCC_OPTIMIZATION_LEVEL = 0;
				GCC_PREPROCESSOR_DEFINITIONS = (
					"DEBUG=1",
					"$(inherited)",
				);
				GCC_WARN_64_TO_32_BIT_CONVERSION = YES;
				GCC_WARN_ABOUT_RETURN_TYPE = YES_ERROR;
				GCC_WARN_UNDECLARED_SELECTOR = YES;
				GCC_WARN_UNINITIALIZED_AUTOS = YES_AGGRESSIVE;
				GCC_WARN_UNUSED_FUNCTION = YES;
				GCC_WARN_UNUSED_VARIABLE = YES;
				MACOSX_DEPLOYMENT_TARGET = 14.0;
				MTL_ENABLE_DEBUG_INFO = INCLUDE_SOURCE;
				MTL_FAST_MATH = YES;
				ONLY_ACTIVE_ARCH = YES;
				SDKROOT = macosx;
				SWIFT_ACTIVE_COMPILATION_CONDITIONS = DEBUG;
				SWIFT_OPTIMIZATION_LEVEL = "-Onone";
			};
			name = Debug;
		};
		2C9C56222C00000100A00001 /* Release */ = {
			isa = XCBuildConfiguration;
			buildSettings = {
				ALWAYS_SEARCH_USER_PATHS = NO;
				CLANG_ANALYZER_NONNULL = YES;
				CLANG_ANALYZER_NUMBER_OBJECT_CONVERSION = YES_AGGRESSIVE;
				CLANG_CXX_LANGUAGE_STANDARD = "gnu++20";
				CLANG_ENABLE_MODULES = YES;
				CLANG_ENABLE_OBJC_ARC = YES;
				CLANG_ENABLE_OBJC_WEAK = YES;
				CLANG_WARN_BLOCK_CAPTURE_AUTORELEASING = YES;
				CLANG_WARN_BOOL_CONVERSION = YES;
				CLANG_WARN_COMMA = YES;
				CLANG_WARN_CONSTANT_CONVERSION = YES;
				CLANG_WARN_DEPRECATED_OBJC_IMPLEMENTATIONS = YES;
				CLANG_WARN_DIRECT_OBJC_ISA_USAGE = YES_ERROR;
				CLANG_WARN_DOCUMENTATION_COMMENTS = YES;
				CLANG_WARN_EMPTY_BODY = YES;
				CLANG_WARN_ENUM_CONVERSION = YES;
				CLANG_WARN_INFINITE_RECURSION = YES;
				CLANG_WARN_INT_CONVERSION = YES;
				CLANG_WARN_NON_LITERAL_NULL_CONVERSION = YES;
				CLANG_WARN_OBJC_IMPLICIT_RETAIN_SELF = YES;
				CLANG_WARN_OBJC_LITERAL_CONVERSION = YES;
				CLANG_WARN_QUOTED_INCLUDE_IN_FRAMEWORK_HEADER = YES;
				CLANG_WARN_RANGE_LOOP_ANALYSIS = YES;
				CLANG_WARN_STRICT_PROTOTYPES = YES;
				CLANG_WARN_SUSPICIOUS_MOVE = YES;
				CLANG_WARN_UNGUARDED_AVAILABILITY = YES_AGGRESSIVE;
				CLANG_WARN_UNREACHABLE_CODE = YES;
				COPY_PHASE_STRIP = NO;
				DEBUG_INFORMATION_FORMAT = "dwarf-with-dsym";
				ENABLE_NS_ASSERTIONS = NO;
				ENABLE_STRICT_OBJC_MSGSEND = YES;
				ENABLE_USER_SCRIPT_SANDBOXING = YES;
				GCC_C_LANGUAGE_STANDARD = gnu17;
				GCC_NO_COMMON_BLOCKS = YES;
				GCC_WARN_64_TO_32_BIT_CONVERSION = YES;
				GCC_WARN_ABOUT_RETURN_TYPE = YES_ERROR;
				GCC_WARN_UNDECLARED_SELECTOR = YES;
				GCC_WARN_UNINITIALIZED_AUTOS = YES_AGGRESSIVE;
				GCC_WARN_UNUSED_FUNCTION = YES;
				GCC_WARN_UNUSED_VARIABLE = YES;
				MACOSX_DEPLOYMENT_TARGET = 14.0;
				MTL_ENABLE_DEBUG_INFO = NO;
				MTL_FAST_MATH = YES;
				SDKROOT = macosx;
				SWIFT_COMPILATION_MODE = wholemodule;
			};
			name = Release;
		};
		2C9C56252C00000100A00001 /* Debug */ = {
			isa = XCBuildConfiguration;
			buildSettings = {
				ASSETCATALOG_COMPILER_APPICON_NAME = AppIcon;
				CODE_SIGN_STYLE = Automatic;
				COMBINE_HIDPI_IMAGES = YES;
				DEVELOPMENT_ASSET_PATHS = "";
				ENABLE_HARDENED_RUNTIME = YES;
				GENERATE_INFOPLIST_FILE = NO;
				INFOPLIST_FILE = PaninoLauncher/Info.plist;
				LD_RUNPATH_SEARCH_PATHS = (
					"$(inherited)",
					"@executable_path/../Frameworks",
				);
				MARKETING_VERSION = 0.1;
				PRODUCT_BUNDLE_IDENTIFIER = dev.panino.launcher;
				PRODUCT_NAME = "$(TARGET_NAME)";
				SWIFT_EMIT_LOC_STRINGS = YES;
				SWIFT_VERSION = 6.0;
			};
			name = Debug;
		};
		2C9C56262C00000100A00001 /* Release */ = {
			isa = XCBuildConfiguration;
			buildSettings = {
				ASSETCATALOG_COMPILER_APPICON_NAME = AppIcon;
				CODE_SIGN_STYLE = Automatic;
				COMBINE_HIDPI_IMAGES = YES;
				DEVELOPMENT_ASSET_PATHS = "";
				ENABLE_HARDENED_RUNTIME = YES;
				GENERATE_INFOPLIST_FILE = NO;
				INFOPLIST_FILE = PaninoLauncher/Info.plist;
				LD_RUNPATH_SEARCH_PATHS = (
					"$(inherited)",
					"@executable_path/../Frameworks",
				);
				MARKETING_VERSION = 0.1;
				PRODUCT_BUNDLE_IDENTIFIER = dev.panino.launcher;
				PRODUCT_NAME = "$(TARGET_NAME)";
				SWIFT_EMIT_LOC_STRINGS = YES;
				SWIFT_VERSION = 6.0;
			};
			name = Release;
		};
/* End XCBuildConfiguration section */

/* Begin XCConfigurationList section */
		2C9C560B2C00000100A00001 /* Build configuration list for PBXProject "PaninoLauncher" */ = {
			isa = XCConfigurationList;
			buildConfigurations = (
				2C9C56212C00000100A00001 /* Debug */,
				2C9C56222C00000100A00001 /* Release */,
			);
			defaultConfigurationIsVisible = 0;
			defaultConfigurationName = Release;
		};
		2C9C56242C00000100A00001 /* Build configuration list for PBXNativeTarget "PaninoLauncher" */ = {
			isa = XCConfigurationList;
			buildConfigurations = (
				2C9C56252C00000100A00001 /* Debug */,
				2C9C56262C00000100A00001 /* Release */,
			);
			defaultConfigurationIsVisible = 0;
			defaultConfigurationName = Release;
		};
/* End XCConfigurationList section */
	};
	rootObject = 2C9C56082C00000100A00001 /* Project object */;
}
